{
  "name": "vvetter-app-main",
  "lockfileVersion": 2,
  "requires": true,
  "packages": {
    "": {
      "dependencies": {
        "react-native-radio-buttons-group": "^3.1.0"
      }
    },
    "node_modules/react-native-radio-buttons-group": {
      "version": "3.1.0",
      "resolved": "https://registry.npmjs.org/react-native-radio-buttons-group/-/react-native-radio-buttons-group-3.1.0.tgz",
      "integrity": "sha512-DiNM1yI6WfRygUZ+Z/bsjggyLypXsxRNXPNYpPHXSEVbRD6uF5Aei+HMIwyeRbfMKPtHwLq7cGsmUDV01i+rOQ=="
    }
  },
  "dependencies": {
    "react-native-radio-buttons-group": {
      "version": "3.1.0",
      "resolved": "https://registry.npmjs.org/react-native-radio-buttons-group/-/react-native-radio-buttons-group-3.1.0.tgz",
      "integrity": "sha512-DiNM1yI6WfRygUZ+Z/bsjggyLypXsxRNXPNYpPHXSEVbRD6uF5Aei+HMIwyeRbfMKPtHwLq7cGsmUDV01i+rOQ=="
    }
  }
}
